
Microsoft Visual Studio Solution File, Format Version 11.00
# Visual Studio 2010
Project("{FAE04EC0-301F-11D3-BF4B-00C04F79EFBC}") = "AMOFGameEngine", "AMOFGameEngine\AMOFGameEngine.csproj", "{70878EFC-AF3F-4792-AB2F-CE47EBCA487D}"
EndProject
Project("{FAE04EC0-301F-11D3-BF4B-00C04F79EFBC}") = "AMOFGameEngine.Mods.Native", "AMOFGameEngine.Mods.Native\AMOFGameEngine.Mods.Native.csproj", "{9B8BB1F9-9A43-42AD-A6A3-8BA502C0EFBD}"
EndProject
Project("{FAE04EC0-301F-11D3-BF4B-00C04F79EFBC}") = "AMOFGameEngine.Mods.Common", "AMOFGameEngine.Mods.Common\AMOFGameEngine.Mods.Common.csproj", "{3CA78AEC-8720-40A2-9E68-476A81BD98C1}"
EndProject
Project("{FAE04EC0-301F-11D3-BF4B-00C04F79EFBC}") = "AMOFGameEngine.Dedicated", "AMOFGameEngine.Dedicated\AMOFGameEngine.Dedicated.csproj", "{51EDB5C5-AA0D-4CC9-83F6-D81C04980F8E}"
EndProject
Global
	GlobalSection(SolutionConfigurationPlatforms) = preSolution
		Debug|Any CPU = Debug|Any CPU
		Debug|Mixed Platforms = Debug|Mixed Platforms
		Debug|x86 = Debug|x86
		Release|Any CPU = Release|Any CPU
		Release|Mixed Platforms = Release|Mixed Platforms
		Release|x86 = Release|x86
	EndGlobalSection
	GlobalSection(ProjectConfigurationPlatforms) = postSolution
		{70878EFC-AF3F-4792-AB2F-CE47EBCA487D}.Debug|Any CPU.ActiveCfg = Debug|x86
		{70878EFC-AF3F-4792-AB2F-CE47EBCA487D}.Debug|Mixed Platforms.ActiveCfg = Debug|x86
		{70878EFC-AF3F-4792-AB2F-CE47EBCA487D}.Debug|Mixed Platforms.Build.0 = Debug|x86
		{70878EFC-AF3F-4792-AB2F-CE47EBCA487D}.Debug|x86.ActiveCfg = Debug|x86
		{70878EFC-AF3F-4792-AB2F-CE47EBCA487D}.Debug|x86.Build.0 = Debug|x86
		{70878EFC-AF3F-4792-AB2F-CE47EBCA487D}.Release|Any CPU.ActiveCfg = Release|x86
		{70878EFC-AF3F-4792-AB2F-CE47EBCA487D}.Release|Mixed Platforms.ActiveCfg = Release|x86
		{70878EFC-AF3F-4792-AB2F-CE47EBCA487D}.Release|Mixed Platforms.Build.0 = Release|x86
		{70878EFC-AF3F-4792-AB2F-CE47EBCA487D}.Release|x86.ActiveCfg = Debug|x86
		{70878EFC-AF3F-4792-AB2F-CE47EBCA487D}.Release|x86.Build.0 = Debug|x86
		{9B8BB1F9-9A43-42AD-A6A3-8BA502C0EFBD}.Debug|Any CPU.ActiveCfg = Debug|x86
		{9B8BB1F9-9A43-42AD-A6A3-8BA502C0EFBD}.Debug|Mixed Platforms.ActiveCfg = Debug|x86
		{9B8BB1F9-9A43-42AD-A6A3-8BA502C0EFBD}.Debug|Mixed Platforms.Build.0 = Debug|x86
		{9B8BB1F9-9A43-42AD-A6A3-8BA502C0EFBD}.Debug|x86.ActiveCfg = Debug|x86
		{9B8BB1F9-9A43-42AD-A6A3-8BA502C0EFBD}.Debug|x86.Build.0 = Debug|x86
		{9B8BB1F9-9A43-42AD-A6A3-8BA502C0EFBD}.Release|Any CPU.ActiveCfg = Release|x86
		{9B8BB1F9-9A43-42AD-A6A3-8BA502C0EFBD}.Release|Mixed Platforms.ActiveCfg = Release|x86
		{9B8BB1F9-9A43-42AD-A6A3-8BA502C0EFBD}.Release|Mixed Platforms.Build.0 = Release|x86
		{9B8BB1F9-9A43-42AD-A6A3-8BA502C0EFBD}.Release|x86.ActiveCfg = Release|x86
		{9B8BB1F9-9A43-42AD-A6A3-8BA502C0EFBD}.Release|x86.Build.0 = Release|x86
		{3CA78AEC-8720-40A2-9E68-476A81BD98C1}.Debug|Any CPU.ActiveCfg = Debug|x86
		{3CA78AEC-8720-40A2-9E68-476A81BD98C1}.Debug|Mixed Platforms.ActiveCfg = Debug|x86
		{3CA78AEC-8720-40A2-9E68-476A81BD98C1}.Debug|Mixed Platforms.Build.0 = Debug|x86
		{3CA78AEC-8720-40A2-9E68-476A81BD98C1}.Debug|x86.ActiveCfg = Debug|x86
		{3CA78AEC-8720-40A2-9E68-476A81BD98C1}.Debug|x86.Build.0 = Debug|x86
		{3CA78AEC-8720-40A2-9E68-476A81BD98C1}.Release|Any CPU.ActiveCfg = Release|x86
		{3CA78AEC-8720-40A2-9E68-476A81BD98C1}.Release|Mixed Platforms.ActiveCfg = Release|x86
		{3CA78AEC-8720-40A2-9E68-476A81BD98C1}.Release|Mixed Platforms.Build.0 = Release|x86
		{3CA78AEC-8720-40A2-9E68-476A81BD98C1}.Release|x86.ActiveCfg = Release|x86
		{3CA78AEC-8720-40A2-9E68-476A81BD98C1}.Release|x86.Build.0 = Release|x86
		{51EDB5C5-AA0D-4CC9-83F6-D81C04980F8E}.Debug|Any CPU.ActiveCfg = Debug|x86
		{51EDB5C5-AA0D-4CC9-83F6-D81C04980F8E}.Debug|Mixed Platforms.ActiveCfg = Debug|x86
		{51EDB5C5-AA0D-4CC9-83F6-D81C04980F8E}.Debug|Mixed Platforms.Build.0 = Debug|x86
		{51EDB5C5-AA0D-4CC9-83F6-D81C04980F8E}.Debug|x86.ActiveCfg = Debug|x86
		{51EDB5C5-AA0D-4CC9-83F6-D81C04980F8E}.Debug|x86.Build.0 = Debug|x86
		{51EDB5C5-AA0D-4CC9-83F6-D81C04980F8E}.Release|Any CPU.ActiveCfg = Release|x86
		{51EDB5C5-AA0D-4CC9-83F6-D81C04980F8E}.Release|Mixed Platforms.ActiveCfg = Release|x86
		{51EDB5C5-AA0D-4CC9-83F6-D81C04980F8E}.Release|Mixed Platforms.Build.0 = Release|x86
		{51EDB5C5-AA0D-4CC9-83F6-D81C04980F8E}.Release|x86.ActiveCfg = Release|x86
		{51EDB5C5-AA0D-4CC9-83F6-D81C04980F8E}.Release|x86.Build.0 = Release|x86
	EndGlobalSection
	GlobalSection(SolutionProperties) = preSolution
		HideSolutionNode = FALSE
	EndGlobalSection
EndGlobal
